
Microsoft Visual Studio Solution File, Format Version 12.00
# Visual Studio Version 17
VisualStudioVersion = 17.0.32014.148
MinimumVisualStudioVersion = 10.0.40219.1
Project("{FAE04EC0-301F-11D3-BF4B-00C04F79EFBC}") = "WebApplication1", "WebApplication1\WebApplication1.csproj", "{AFE64AB6-2F2C-464B-9FF1-CDD0EF4EA5CB}"
EndProject
Global
	GlobalSection(SolutionConfigurationPlatforms) = preSolution
		Debug|Any CPU = Debug|Any CPU
		Release|Any CPU = Release|Any CPU
	EndGlobalSection
	GlobalSection(ProjectConfigurationPlatforms) = postSolution
		{AFE64AB6-2F2C-464B-9FF1-CDD0EF4EA5CB}.Debug|Any CPU.ActiveCfg = Debug|Any CPU
		{AFE64AB6-2F2C-464B-9FF1-CDD0EF4EA5CB}.Debug|Any CPU.Build.0 = Debug|Any CPU
		{AFE64AB6-2F2C-464B-9FF1-CDD0EF4EA5CB}.Release|Any CPU.ActiveCfg = Release|Any CPU
		{AFE64AB6-2F2C-464B-9FF1-CDD0EF4EA5CB}.Release|Any CPU.Build.0 = Release|Any CPU
	EndGlobalSection
	GlobalSection(SolutionProperties) = preSolution
		HideSolutionNode = FALSE
	EndGlobalSection
	GlobalSection(ExtensibilityGlobals) = postSolution
		SolutionGuid = {DD3323CA-0C4A-476F-A70E-F280B434D0AD}
	EndGlobalSection
EndGlobal
